PODS:
  - R.swift (6.1.0):
    - R.swift.Library (~> 5.3.0)
  - R.swift.Library (5.3.0)
  - SwiftLint (0.52.2)

DEPENDENCIES:
  - R.swift (= 6.1.0)
  - SwiftLint (= 0.52.2)

SPEC REPOS:
  trunk:
    - R.swift
    - R.swift.Library
    - SwiftLint

SPEC CHECKSUMS:
  R.swift: ec98ff71c4ab2f6fd01dd077e5afd15e63a4834c
  R.swift.Library: 0fc583cb55a99e28901299cc451614cad1161962
  SwiftLint: 1ac76dac888ca05cb0cf24d0c85887ec1209961d

PODFILE CHECKSUM: 839c24e611e08e71d09733edbde92fef2b804a83

COCOAPODS: 1.12.0
