// !$*UTF8*$!
{
	archiveVersion = 1;
	classes = {
	};
	objectVersion = 56;
	objects = {

/* Begin PBXBuildFile section */
		AB2C304A2A1630D500154700 /* AppDelegate.swift in Sources */ = {isa = PBXBuildFile; fileRef = AB2C30492A1630D500154700 /* AppDelegate.swift */; };
		AB2C304C2A1630D500154700 /* SceneDelegate.swift in Sources */ = {isa = PBXBuildFile; fileRef = AB2C304B2A1630D500154700 /* SceneDelegate.swift */; };
		AB2C304E2A1630D500154700 /* GenreViewController.swift in Sources */ = {isa = PBXBuildFile; fileRef = AB2C304D2A1630D500154700 /* GenreViewController.swift */; };
		AB2C30512A1630D500154700 /* Main.storyboard in Resources */ = {isa = PBXBuildFile; fileRef = AB2C304F2A1630D500154700 /* Main.storyboard */; };
		AB2C30532A1630D900154700 /* Assets.xcassets in Resources */ = {isa = PBXBuildFile; fileRef = AB2C30522A1630D900154700 /* Assets.xcassets */; };
		AB2C30562A1630D900154700 /* LaunchScreen.storyboard in Resources */ = {isa = PBXBuildFile; fileRef = AB2C30542A1630D900154700 /* LaunchScreen.storyboard */; };
		AB2C305E2A1780F100154700 /* PodcastsViewController.swift in Sources */ = {isa = PBXBuildFile; fileRef = AB2C305D2A1780F100154700 /* PodcastsViewController.swift */; };
		AB2C30642A17B4F100154700 /* GenresNetworkManager.swift in Sources */ = {isa = PBXBuildFile; fileRef = AB2C30632A17B4F100154700 /* GenresNetworkManager.swift */; };
		AB2C30692A17BD6000154700 /* PodcastsNetworkManager.swift in Sources */ = {isa = PBXBuildFile; fileRef = AB2C30682A17BD6000154700 /* PodcastsNetworkManager.swift */; };
		AB2C306B2A17BD9500154700 /* Podcasts.swift in Sources */ = {isa = PBXBuildFile; fileRef = AB2C306A2A17BD9500154700 /* Podcasts.swift */; };
		AB2C306D2A17D32100154700 /* PodcastsTableViewCell.swift in Sources */ = {isa = PBXBuildFile; fileRef = AB2C306C2A17D32000154700 /* PodcastsTableViewCell.swift */; };
		AB56CEDC2A19FE1F00E9C7A9 /* EpisodesNetworkManager.swift in Sources */ = {isa = PBXBuildFile; fileRef = AB56CEDB2A19FE1F00E9C7A9 /* EpisodesNetworkManager.swift */; };
		AB56CEDE2A19FE9000E9C7A9 /* Episodes.swift in Sources */ = {isa = PBXBuildFile; fileRef = AB56CEDD2A19FE9000E9C7A9 /* Episodes.swift */; };
		AB56CEE02A1A003400E9C7A9 /* EpisodesViewController.swift in Sources */ = {isa = PBXBuildFile; fileRef = AB56CEDF2A1A003400E9C7A9 /* EpisodesViewController.swift */; };
		AB575FEE2A1B8B2B00A9B3B6 /* R.generated.swift in Sources */ = {isa = PBXBuildFile; fileRef = AB575FED2A1B8B2B00A9B3B6 /* R.generated.swift */; };
		AB575FF22A1B8D2700A9B3B6 /* Texts.strings in Resources */ = {isa = PBXBuildFile; fileRef = AB575FF42A1B8D2700A9B3B6 /* Texts.strings */; };
		ABA97D922A2E13C300CC60CB /* GenreViewProtocool.swift in Sources */ = {isa = PBXBuildFile; fileRef = ABA97D912A2E13C300CC60CB /* GenreViewProtocool.swift */; };
		ABA97D942A2E13E600CC60CB /* GenreViewPresenter.swift in Sources */ = {isa = PBXBuildFile; fileRef = ABA97D932A2E13E600CC60CB /* GenreViewPresenter.swift */; };
		ABE151DB2A1B6FDE008ED111 /* Podcast.swift in Sources */ = {isa = PBXBuildFile; fileRef = ABE151DA2A1B6FDE008ED111 /* Podcast.swift */; };
		ABE151DE2A1B7007008ED111 /* Episode.swift in Sources */ = {isa = PBXBuildFile; fileRef = ABE151DD2A1B7007008ED111 /* Episode.swift */; };
		ABE151E52A1B73FA008ED111 /* Genres.swift in Sources */ = {isa = PBXBuildFile; fileRef = ABE151E42A1B73FA008ED111 /* Genres.swift */; };
		ABE151E72A1B7407008ED111 /* Genre.swift in Sources */ = {isa = PBXBuildFile; fileRef = ABE151E62A1B7407008ED111 /* Genre.swift */; };
		ABE151EA2A1B81BD008ED111 /* UITableViewCell+Extensions.swift in Sources */ = {isa = PBXBuildFile; fileRef = ABE151E92A1B81BD008ED111 /* UITableViewCell+Extensions.swift */; };
		CAEA05DFF9EE498113A39761 /* Pods_PodcastsApp.framework in Frameworks */ = {isa = PBXBuildFile; fileRef = 63416FD6F9CF42FC6F7878FA /* Pods_PodcastsApp.framework */; };
/* End PBXBuildFile section */

/* Begin PBXFileReference section */
		63416FD6F9CF42FC6F7878FA /* Pods_PodcastsApp.framework */ = {isa = PBXFileReference; explicitFileType = wrapper.framework; includeInIndex = 0; path = Pods_PodcastsApp.framework; sourceTree = BUILT_PRODUCTS_DIR; };
		8090E453DADED2CC1CC3F677 /* Pods-PodcastsApp.release.xcconfig */ = {isa = PBXFileReference; includeInIndex = 1; lastKnownFileType = text.xcconfig; name = "Pods-PodcastsApp.release.xcconfig"; path = "Target Support Files/Pods-PodcastsApp/Pods-PodcastsApp.release.xcconfig"; sourceTree = "<group>"; };
		AB2C30462A1630D500154700 /* PodcastsApp.app */ = {isa = PBXFileReference; explicitFileType = wrapper.application; includeInIndex = 0; path = PodcastsApp.app; sourceTree = BUILT_PRODUCTS_DIR; };
		AB2C30492A1630D500154700 /* AppDelegate.swift */ = {isa = PBXFileReference; lastKnownFileType = sourcecode.swift; path = AppDelegate.swift; sourceTree = "<group>"; };
		AB2C304B2A1630D500154700 /* SceneDelegate.swift */ = {isa = PBXFileReference; lastKnownFileType = sourcecode.swift; path = SceneDelegate.swift; sourceTree = "<group>"; };
		AB2C304D2A1630D500154700 /* GenreViewController.swift */ = {isa = PBXFileReference; lastKnownFileType = sourcecode.swift; path = GenreViewController.swift; sourceTree = "<group>"; };
		AB2C30502A1630D500154700 /* Base */ = {isa = PBXFileReference; lastKnownFileType = file.storyboard; name = Base; path = Base.lproj/Main.storyboard; sourceTree = "<group>"; };
		AB2C30522A1630D900154700 /* Assets.xcassets */ = {isa = PBXFileReference; lastKnownFileType = folder.assetcatalog; path = Assets.xcassets; sourceTree = "<group>"; };
		AB2C30552A1630D900154700 /* Base */ = {isa = PBXFileReference; lastKnownFileType = file.storyboard; name = Base; path = Base.lproj/LaunchScreen.storyboard; sourceTree = "<group>"; };
		AB2C30572A1630D900154700 /* Info.plist */ = {isa = PBXFileReference; lastKnownFileType = text.plist.xml; path = Info.plist; sourceTree = "<group>"; };
		AB2C305D2A1780F100154700 /* PodcastsViewController.swift */ = {isa = PBXFileReference; lastKnownFileType = sourcecode.swift; path = PodcastsViewController.swift; sourceTree = "<group>"; };
		AB2C30632A17B4F100154700 /* GenresNetworkManager.swift */ = {isa = PBXFileReference; lastKnownFileType = sourcecode.swift; path = GenresNetworkManager.swift; sourceTree = "<group>"; };
		AB2C30682A17BD6000154700 /* PodcastsNetworkManager.swift */ = {isa = PBXFileReference; lastKnownFileType = sourcecode.swift; path = PodcastsNetworkManager.swift; sourceTree = "<group>"; };
		AB2C306A2A17BD9500154700 /* Podcasts.swift */ = {isa = PBXFileReference; lastKnownFileType = sourcecode.swift; path = Podcasts.swift; sourceTree = "<group>"; };
		AB2C306C2A17D32000154700 /* PodcastsTableViewCell.swift */ = {isa = PBXFileReference; lastKnownFileType = sourcecode.swift; path = PodcastsTableViewCell.swift; sourceTree = "<group>"; };
		AB56CEDB2A19FE1F00E9C7A9 /* EpisodesNetworkManager.swift */ = {isa = PBXFileReference; lastKnownFileType = sourcecode.swift; path = EpisodesNetworkManager.swift; sourceTree = "<group>"; };
		AB56CEDD2A19FE9000E9C7A9 /* Episodes.swift */ = {isa = PBXFileReference; lastKnownFileType = sourcecode.swift; path = Episodes.swift; sourceTree = "<group>"; };
		AB56CEDF2A1A003400E9C7A9 /* EpisodesViewController.swift */ = {isa = PBXFileReference; lastKnownFileType = sourcecode.swift; path = EpisodesViewController.swift; sourceTree = "<group>"; };
		AB575FEB2A1B8AD900A9B3B6 /* uk */ = {isa = PBXFileReference; lastKnownFileType = text.plist.strings; name = uk; path = uk.lproj/Main.strings; sourceTree = "<group>"; };
		AB575FEC2A1B8ADA00A9B3B6 /* uk */ = {isa = PBXFileReference; lastKnownFileType = text.plist.strings; name = uk; path = uk.lproj/LaunchScreen.strings; sourceTree = "<group>"; };
		AB575FED2A1B8B2B00A9B3B6 /* R.generated.swift */ = {isa = PBXFileReference; fileEncoding = 4; lastKnownFileType = sourcecode.swift; path = R.generated.swift; sourceTree = SOURCE_ROOT; };
		AB575FF32A1B8D2700A9B3B6 /* en */ = {isa = PBXFileReference; lastKnownFileType = text.plist.strings; name = en; path = en.lproj/Texts.strings; sourceTree = "<group>"; };
		AB575FF52A1B8D2900A9B3B6 /* uk */ = {isa = PBXFileReference; lastKnownFileType = text.plist.strings; name = uk; path = uk.lproj/Texts.strings; sourceTree = "<group>"; };
		ABA97D912A2E13C300CC60CB /* GenreViewProtocool.swift */ = {isa = PBXFileReference; lastKnownFileType = sourcecode.swift; path = GenreViewProtocool.swift; sourceTree = "<group>"; };
		ABA97D932A2E13E600CC60CB /* GenreViewPresenter.swift */ = {isa = PBXFileReference; lastKnownFileType = sourcecode.swift; path = GenreViewPresenter.swift; sourceTree = "<group>"; };
		ABE151DA2A1B6FDE008ED111 /* Podcast.swift */ = {isa = PBXFileReference; lastKnownFileType = sourcecode.swift; path = Podcast.swift; sourceTree = "<group>"; };
		ABE151DD2A1B7007008ED111 /* Episode.swift */ = {isa = PBXFileReference; lastKnownFileType = sourcecode.swift; path = Episode.swift; sourceTree = "<group>"; };
		ABE151E42A1B73FA008ED111 /* Genres.swift */ = {isa = PBXFileReference; lastKnownFileType = sourcecode.swift; path = Genres.swift; sourceTree = "<group>"; };
		ABE151E62A1B7407008ED111 /* Genre.swift */ = {isa = PBXFileReference; lastKnownFileType = sourcecode.swift; path = Genre.swift; sourceTree = "<group>"; };
		ABE151E92A1B81BD008ED111 /* UITableViewCell+Extensions.swift */ = {isa = PBXFileReference; lastKnownFileType = sourcecode.swift; path = "UITableViewCell+Extensions.swift"; sourceTree = "<group>"; };
		B03D000BE8521A72B6EF7416 /* Pods-PodcastsApp.debug.xcconfig */ = {isa = PBXFileReference; includeInIndex = 1; lastKnownFileType = text.xcconfig; name = "Pods-PodcastsApp.debug.xcconfig"; path = "Target Support Files/Pods-PodcastsApp/Pods-PodcastsApp.debug.xcconfig"; sourceTree = "<group>"; };
/* End PBXFileReference section */

/* Begin PBXFrameworksBuildPhase section */
		AB2C30432A1630D500154700 /* Frameworks */ = {
			isa = PBXFrameworksBuildPhase;
			buildActionMask = 2147483647;
			files = (
				CAEA05DFF9EE498113A39761 /* Pods_PodcastsApp.framework in Frameworks */,
			);
			runOnlyForDeploymentPostprocessing = 0;
		};
/* End PBXFrameworksBuildPhase section */

/* Begin PBXGroup section */
		6446AB53F03F49E6135F2B5E /* Frameworks */ = {
			isa = PBXGroup;
			children = (
				63416FD6F9CF42FC6F7878FA /* Pods_PodcastsApp.framework */,
			);
			name = Frameworks;
			sourceTree = "<group>";
		};
		AB2C303D2A1630D500154700 = {
			isa = PBXGroup;
			children = (
				AB2C30482A1630D500154700 /* PodcastsApp */,
				AB2C30472A1630D500154700 /* Products */,
				DF195969E3B1ADFE6DE9A623 /* Pods */,
				6446AB53F03F49E6135F2B5E /* Frameworks */,
			);
			sourceTree = "<group>";
		};
		AB2C30472A1630D500154700 /* Products */ = {
			isa = PBXGroup;
			children = (
				AB2C30462A1630D500154700 /* PodcastsApp.app */,
			);
			name = Products;
			sourceTree = "<group>";
		};
		AB2C30482A1630D500154700 /* PodcastsApp */ = {
			isa = PBXGroup;
			children = (
				AB2C30492A1630D500154700 /* AppDelegate.swift */,
				AB2C304B2A1630D500154700 /* SceneDelegate.swift */,
				AB575FED2A1B8B2B00A9B3B6 /* R.generated.swift */,
				ABE151EC2A1B8533008ED111 /* Controllers */,
				ABE151EB2A1B81C6008ED111 /* Extensions */,
				AB56CEDA2A17F70F00E9C7A9 /* Views */,
				AB2C30662A17BBD300154700 /* Helpers */,
				AB2C30652A17BBC500154700 /* Models */,
				AB2C304F2A1630D500154700 /* Main.storyboard */,
				AB2C30522A1630D900154700 /* Assets.xcassets */,
				AB2C30542A1630D900154700 /* LaunchScreen.storyboard */,
				AB2C30572A1630D900154700 /* Info.plist */,
				AB575FF42A1B8D2700A9B3B6 /* Texts.strings */,
			);
			path = PodcastsApp;
			sourceTree = "<group>";
		};
		AB2C30652A17BBC500154700 /* Models */ = {
			isa = PBXGroup;
			children = (
				ABE151E82A1B74A9008ED111 /* Genres */,
				ABE151DC2A1B6FEB008ED111 /* Podcasts */,
				ABE151DF2A1B7014008ED111 /* Episodes */,
			);
			path = Models;
			sourceTree = "<group>";
		};
		AB2C30662A17BBD300154700 /* Helpers */ = {
			isa = PBXGroup;
			children = (
				AB2C30672A17BBDF00154700 /* Networking */,
			);
			path = Helpers;
			sourceTree = "<group>";
		};
		AB2C30672A17BBDF00154700 /* Networking */ = {
			isa = PBXGroup;
			children = (
				AB2C30632A17B4F100154700 /* GenresNetworkManager.swift */,
				AB2C30682A17BD6000154700 /* PodcastsNetworkManager.swift */,
				AB56CEDB2A19FE1F00E9C7A9 /* EpisodesNetworkManager.swift */,
			);
			path = Networking;
			sourceTree = "<group>";
		};
		AB56CEDA2A17F70F00E9C7A9 /* Views */ = {
			isa = PBXGroup;
			children = (
				AB2C306C2A17D32000154700 /* PodcastsTableViewCell.swift */,
			);
			path = Views;
			sourceTree = "<group>";
		};
		ABA97D952A2E141A00CC60CB /* GenreViewController */ = {
			isa = PBXGroup;
			children = (
				ABA97D912A2E13C300CC60CB /* GenreViewProtocool.swift */,
				ABA97D932A2E13E600CC60CB /* GenreViewPresenter.swift */,
				AB2C304D2A1630D500154700 /* GenreViewController.swift */,
			);
			path = GenreViewController;
			sourceTree = "<group>";
		};
		ABE151DC2A1B6FEB008ED111 /* Podcasts */ = {
			isa = PBXGroup;
			children = (
				AB2C306A2A17BD9500154700 /* Podcasts.swift */,
				ABE151DA2A1B6FDE008ED111 /* Podcast.swift */,
			);
			path = Podcasts;
			sourceTree = "<group>";
		};
		ABE151DF2A1B7014008ED111 /* Episodes */ = {
			isa = PBXGroup;
			children = (
				AB56CEDD2A19FE9000E9C7A9 /* Episodes.swift */,
				ABE151DD2A1B7007008ED111 /* Episode.swift */,
			);
			path = Episodes;
			sourceTree = "<group>";
		};
		ABE151E82A1B74A9008ED111 /* Genres */ = {
			isa = PBXGroup;
			children = (
				ABE151E42A1B73FA008ED111 /* Genres.swift */,
				ABE151E62A1B7407008ED111 /* Genre.swift */,
			);
			path = Genres;
			sourceTree = "<group>";
		};
		ABE151EB2A1B81C6008ED111 /* Extensions */ = {
			isa = PBXGroup;
			children = (
				ABE151E92A1B81BD008ED111 /* UITableViewCell+Extensions.swift */,
			);
			path = Extensions;
			sourceTree = "<group>";
		};
		ABE151EC2A1B8533008ED111 /* Controllers */ = {
			isa = PBXGroup;
			children = (
				ABA97D952A2E141A00CC60CB /* GenreViewController */,
				AB2C305D2A1780F100154700 /* PodcastsViewController.swift */,
				AB56CEDF2A1A003400E9C7A9 /* EpisodesViewController.swift */,
			);
			path = Controllers;
			sourceTree = "<group>";
		};
		DF195969E3B1ADFE6DE9A623 /* Pods */ = {
			isa = PBXGroup;
			children = (
				B03D000BE8521A72B6EF7416 /* Pods-PodcastsApp.debug.xcconfig */,
				8090E453DADED2CC1CC3F677 /* Pods-PodcastsApp.release.xcconfig */,
			);
			path = Pods;
			sourceTree = "<group>";
		};
/* End PBXGroup section */

/* Begin PBXNativeTarget section */
		AB2C30452A1630D500154700 /* PodcastsApp */ = {
			isa = PBXNativeTarget;
			buildConfigurationList = AB2C305A2A1630D900154700 /* Build configuration list for PBXNativeTarget "PodcastsApp" */;
			buildPhases = (
				733AF29F24AD7E3F3DAF5B4B /* [CP] Check Pods Manifest.lock */,
				AB575FE92A1B88E600A9B3B6 /* SwiftLint */,
				AB575FEA2A1B8A7900A9B3B6 /* R.Swift */,
				AB2C30422A1630D500154700 /* Sources */,
				AB2C30432A1630D500154700 /* Frameworks */,
				AB2C30442A1630D500154700 /* Resources */,
				E2F27D5306BF7196553AD1FE /* [CP] Embed Pods Frameworks */,
			);
			buildRules = (
			);
			dependencies = (
			);
			name = PodcastsApp;
			productName = PodcastsApp;
			productReference = AB2C30462A1630D500154700 /* PodcastsApp.app */;
			productType = "com.apple.product-type.application";
		};
/* End PBXNativeTarget section */

/* Begin PBXProject section */
		AB2C303E2A1630D500154700 /* Project object */ = {
			isa = PBXProject;
			attributes = {
				BuildIndependentTargetsInParallel = 1;
				LastSwiftUpdateCheck = 1400;
				LastUpgradeCheck = 1400;
				TargetAttributes = {
					AB2C30452A1630D500154700 = {
						CreatedOnToolsVersion = 14.0.1;
					};
				};
			};
			buildConfigurationList = AB2C30412A1630D500154700 /* Build configuration list for PBXProject "PodcastsApp" */;
			compatibilityVersion = "Xcode 14.0";
			developmentRegion = en;
			hasScannedForEncodings = 0;
			knownRegions = (
				en,
				Base,
				uk,
			);
			mainGroup = AB2C303D2A1630D500154700;
			productRefGroup = AB2C30472A1630D500154700 /* Products */;
			projectDirPath = "";
			projectRoot = "";
			targets = (
				AB2C30452A1630D500154700 /* PodcastsApp */,
			);
		};
/* End PBXProject section */

/* Begin PBXResourcesBuildPhase section */
		AB2C30442A1630D500154700 /* Resources */ = {
			isa = PBXResourcesBuildPhase;
			buildActionMask = 2147483647;
			files = (
				AB2C30562A1630D900154700 /* LaunchScreen.storyboard in Resources */,
				AB575FF22A1B8D2700A9B3B6 /* Texts.strings in Resources */,
				AB2C30532A1630D900154700 /* Assets.xcassets in Resources */,
				AB2C30512A1630D500154700 /* Main.storyboard in Resources */,
			);
			runOnlyForDeploymentPostprocessing = 0;
		};
/* End PBXResourcesBuildPhase section */

/* Begin PBXShellScriptBuildPhase section */
		733AF29F24AD7E3F3DAF5B4B /* [CP] Check Pods Manifest.lock */ = {
			isa = PBXShellScriptBuildPhase;
			buildActionMask = 2147483647;
			files = (
			);
			inputFileListPaths = (
			);
			inputPaths = (
				"${PODS_PODFILE_DIR_PATH}/Podfile.lock",
				"${PODS_ROOT}/Manifest.lock",
			);
			name = "[CP] Check Pods Manifest.lock";
			outputFileListPaths = (
			);
			outputPaths = (
				"$(DERIVED_FILE_DIR)/Pods-PodcastsApp-checkManifestLockResult.txt",
			);
			runOnlyForDeploymentPostprocessing = 0;
			shellPath = /bin/sh;
			shellScript = "diff \"${PODS_PODFILE_DIR_PATH}/Podfile.lock\" \"${PODS_ROOT}/Manifest.lock\" > /dev/null\nif [ $? != 0 ] ; then\n    # print error to STDERR\n    echo \"error: The sandbox is not in sync with the Podfile.lock. Run 'pod install' or update your CocoaPods installation.\" >&2\n    exit 1\nfi\n# This output is used by Xcode 'outputs' to avoid re-running this script phase.\necho \"SUCCESS\" > \"${SCRIPT_OUTPUT_FILE_0}\"\n";
			showEnvVarsInLog = 0;
		};
		AB575FE92A1B88E600A9B3B6 /* SwiftLint */ = {
			isa = PBXShellScriptBuildPhase;
			buildActionMask = 2147483647;
			files = (
			);
			inputFileListPaths = (
			);
			inputPaths = (
			);
			name = SwiftLint;
			outputFileListPaths = (
			);
			outputPaths = (
			);
			runOnlyForDeploymentPostprocessing = 0;
			shellPath = /bin/sh;
			shellScript = "\"${PODS_ROOT}/SwiftLint/swiftlint\"\n";
		};
		AB575FEA2A1B8A7900A9B3B6 /* R.Swift */ = {
			isa = PBXShellScriptBuildPhase;
			buildActionMask = 2147483647;
			files = (
			);
			inputFileListPaths = (
			);
			inputPaths = (
			);
			name = R.Swift;
			outputFileListPaths = (
			);
			outputPaths = (
			);
			runOnlyForDeploymentPostprocessing = 0;
			shellPath = /bin/sh;
			shellScript = "\"$PODS_ROOT/R.swift/rswift\" generate \"$SRCROOT/R.generated.swift\"\n";
		};
		E2F27D5306BF7196553AD1FE /* [CP] Embed Pods Frameworks */ = {
			isa = PBXShellScriptBuildPhase;
			buildActionMask = 2147483647;
			files = (
			);
			inputFileListPaths = (
				"${PODS_ROOT}/Target Support Files/Pods-PodcastsApp/Pods-PodcastsApp-frameworks-${CONFIGURATION}-input-files.xcfilelist",
			);
			name = "[CP] Embed Pods Frameworks";
			outputFileListPaths = (
				"${PODS_ROOT}/Target Support Files/Pods-PodcastsApp/Pods-PodcastsApp-frameworks-${CONFIGURATION}-output-files.xcfilelist",
			);
			runOnlyForDeploymentPostprocessing = 0;
			shellPath = /bin/sh;
			shellScript = "\"${PODS_ROOT}/Target Support Files/Pods-PodcastsApp/Pods-PodcastsApp-frameworks.sh\"\n";
			showEnvVarsInLog = 0;
		};
/* End PBXShellScriptBuildPhase section */

/* Begin PBXSourcesBuildPhase section */
		AB2C30422A1630D500154700 /* Sources */ = {
			isa = PBXSourcesBuildPhase;
			buildActionMask = 2147483647;
			files = (
				AB2C304E2A1630D500154700 /* GenreViewController.swift in Sources */,
				AB2C30692A17BD6000154700 /* PodcastsNetworkManager.swift in Sources */,
				ABA97D942A2E13E600CC60CB /* GenreViewPresenter.swift in Sources */,
				AB2C306B2A17BD9500154700 /* Podcasts.swift in Sources */,
				AB2C304A2A1630D500154700 /* AppDelegate.swift in Sources */,
				AB2C304C2A1630D500154700 /* SceneDelegate.swift in Sources */,
				AB56CEE02A1A003400E9C7A9 /* EpisodesViewController.swift in Sources */,
				AB56CEDC2A19FE1F00E9C7A9 /* EpisodesNetworkManager.swift in Sources */,
				ABE151DB2A1B6FDE008ED111 /* Podcast.swift in Sources */,
				AB575FEE2A1B8B2B00A9B3B6 /* R.generated.swift in Sources */,
				AB2C30642A17B4F100154700 /* GenresNetworkManager.swift in Sources */,
				ABA97D922A2E13C300CC60CB /* GenreViewProtocool.swift in Sources */,
				ABE151E72A1B7407008ED111 /* Genre.swift in Sources */,
				ABE151E52A1B73FA008ED111 /* Genres.swift in Sources */,
				AB2C305E2A1780F100154700 /* PodcastsViewController.swift in Sources */,
				AB56CEDE2A19FE9000E9C7A9 /* Episodes.swift in Sources */,
				ABE151DE2A1B7007008ED111 /* Episode.swift in Sources */,
				ABE151EA2A1B81BD008ED111 /* UITableViewCell+Extensions.swift in Sources */,
				AB2C306D2A17D32100154700 /* PodcastsTableViewCell.swift in Sources */,
			);
			runOnlyForDeploymentPostprocessing = 0;
		};
/* End PBXSourcesBuildPhase section */

/* Begin PBXVariantGroup section */
		AB2C304F2A1630D500154700 /* Main.storyboard */ = {
			isa = PBXVariantGroup;
			children = (
				AB2C30502A1630D500154700 /* Base */,
				AB575FEB2A1B8AD900A9B3B6 /* uk */,
			);
			name = Main.storyboard;
			sourceTree = "<group>";
		};
		AB2C30542A1630D900154700 /* LaunchScreen.storyboard */ = {
			isa = PBXVariantGroup;
			children = (
				AB2C30552A1630D900154700 /* Base */,
				AB575FEC2A1B8ADA00A9B3B6 /* uk */,
			);
			name = LaunchScreen.storyboard;
			sourceTree = "<group>";
		};
		AB575FF42A1B8D2700A9B3B6 /* Texts.strings */ = {
			isa = PBXVariantGroup;
			children = (
				AB575FF32A1B8D2700A9B3B6 /* en */,
				AB575FF52A1B8D2900A9B3B6 /* uk */,
			);
			name = Texts.strings;
			sourceTree = "<group>";
		};
/* End PBXVariantGroup section */

/* Begin XCBuildConfiguration section */
		AB2C30582A1630D900154700 /* Debug */ = {
			isa = XCBuildConfiguration;
			buildSettings = {
				ALWAYS_SEARCH_USER_PATHS = NO;
				CLANG_ANALYZER_LOCALIZABILITY_NONLOCALIZED = YES;
				CLANG_ANALYZER_NONNULL = YES;
				CLANG_ANALYZER_NUMBER_OBJECT_CONVERSION = YES_AGGRESSIVE;
				CLANG_CXX_LANGUAGE_STANDARD = "gnu++20";
				CLANG_ENABLE_MODULES = YES;
				CLANG_ENABLE_OBJC_ARC = YES;
				CLANG_ENABLE_OBJC_WEAK = YES;
				CLANG_WARN_BLOCK_CAPTURE_AUTORELEASING = YES;
				CLANG_WARN_BOOL_CONVERSION = YES;
				CLANG_WARN_COMMA = YES;
				CLANG_WARN_CONSTANT_CONVERSION = YES;
				CLANG_WARN_DEPRECATED_OBJC_IMPLEMENTATIONS = YES;
				CLANG_WARN_DIRECT_OBJC_ISA_USAGE = YES_ERROR;
				CLANG_WARN_DOCUMENTATION_COMMENTS = YES;
				CLANG_WARN_EMPTY_BODY = YES;
				CLANG_WARN_ENUM_CONVERSION = YES;
				CLANG_WARN_INFINITE_RECURSION = YES;
				CLANG_WARN_INT_CONVERSION = YES;
				CLANG_WARN_NON_LITERAL_NULL_CONVERSION = YES;
				CLANG_WARN_OBJC_IMPLICIT_RETAIN_SELF = YES;
				CLANG_WARN_OBJC_LITERAL_CONVERSION = YES;
				CLANG_WARN_OBJC_ROOT_CLASS = YES_ERROR;
				CLANG_WARN_QUOTED_INCLUDE_IN_FRAMEWORK_HEADER = YES;
				CLANG_WARN_RANGE_LOOP_ANALYSIS = YES;
				CLANG_WARN_STRICT_PROTOTYPES = YES;
				CLANG_WARN_SUSPICIOUS_MOVE = YES;
				CLANG_WARN_UNGUARDED_AVAILABILITY = YES_AGGRESSIVE;
				CLANG_WARN_UNREACHABLE_CODE = YES;
				CLANG_WARN__DUPLICATE_METHOD_MATCH = YES;
				COPY_PHASE_STRIP = NO;
				DEBUG_INFORMATION_FORMAT = dwarf;
				ENABLE_STRICT_OBJC_MSGSEND = YES;
				ENABLE_TESTABILITY = YES;
				GCC_C_LANGUAGE_STANDARD = gnu11;
				GCC_DYNAMIC_NO_PIC = NO;
				GCC_NO_COMMON_BLOCKS = YES;
				GCC_OPTIMIZATION_LEVEL = 0;
				GCC_PREPROCESSOR_DEFINITIONS = (
					"DEBUG=1",
					"$(inherited)",
				);
				GCC_WARN_64_TO_32_BIT_CONVERSION = YES;
				GCC_WARN_ABOUT_RETURN_TYPE = YES_ERROR;
				GCC_WARN_UNDECLARED_SELECTOR = YES;
				GCC_WARN_UNINITIALIZED_AUTOS = YES_AGGRESSIVE;
				GCC_WARN_UNUSED_FUNCTION = YES;
				GCC_WARN_UNUSED_VARIABLE = YES;
				IPHONEOS_DEPLOYMENT_TARGET = 16.0;
				MTL_ENABLE_DEBUG_INFO = INCLUDE_SOURCE;
				MTL_FAST_MATH = YES;
				ONLY_ACTIVE_ARCH = YES;
				SDKROOT = iphoneos;
				SWIFT_ACTIVE_COMPILATION_CONDITIONS = DEBUG;
				SWIFT_OPTIMIZATION_LEVEL = "-Onone";
			};
			name = Debug;
		};
		AB2C30592A1630D900154700 /* Release */ = {
			isa = XCBuildConfiguration;
			buildSettings = {
				ALWAYS_SEARCH_USER_PATHS = NO;
				CLANG_ANALYZER_LOCALIZABILITY_NONLOCALIZED = YES;
				CLANG_ANALYZER_NONNULL = YES;
				CLANG_ANALYZER_NUMBER_OBJECT_CONVERSION = YES_AGGRESSIVE;
				CLANG_CXX_LANGUAGE_STANDARD = "gnu++20";
				CLANG_ENABLE_MODULES = YES;
				CLANG_ENABLE_OBJC_ARC = YES;
				CLANG_ENABLE_OBJC_WEAK = YES;
				CLANG_WARN_BLOCK_CAPTURE_AUTORELEASING = YES;
				CLANG_WARN_BOOL_CONVERSION = YES;
				CLANG_WARN_COMMA = YES;
				CLANG_WARN_CONSTANT_CONVERSION = YES;
				CLANG_WARN_DEPRECATED_OBJC_IMPLEMENTATIONS = YES;
				CLANG_WARN_DIRECT_OBJC_ISA_USAGE = YES_ERROR;
				CLANG_WARN_DOCUMENTATION_COMMENTS = YES;
				CLANG_WARN_EMPTY_BODY = YES;
				CLANG_WARN_ENUM_CONVERSION = YES;
				CLANG_WARN_INFINITE_RECURSION = YES;
				CLANG_WARN_INT_CONVERSION = YES;
				CLANG_WARN_NON_LITERAL_NULL_CONVERSION = YES;
				CLANG_WARN_OBJC_IMPLICIT_RETAIN_SELF = YES;
				CLANG_WARN_OBJC_LITERAL_CONVERSION = YES;
				CLANG_WARN_OBJC_ROOT_CLASS = YES_ERROR;
				CLANG_WARN_QUOTED_INCLUDE_IN_FRAMEWORK_HEADER = YES;
				CLANG_WARN_RANGE_LOOP_ANALYSIS = YES;
				CLANG_WARN_STRICT_PROTOTYPES = YES;
				CLANG_WARN_SUSPICIOUS_MOVE = YES;
				CLANG_WARN_UNGUARDED_AVAILABILITY = YES_AGGRESSIVE;
				CLANG_WARN_UNREACHABLE_CODE = YES;
				CLANG_WARN__DUPLICATE_METHOD_MATCH = YES;
				COPY_PHASE_STRIP = NO;
				DEBUG_INFORMATION_FORMAT = "dwarf-with-dsym";
				ENABLE_NS_ASSERTIONS = NO;
				ENABLE_STRICT_OBJC_MSGSEND = YES;
				GCC_C_LANGUAGE_STANDARD = gnu11;
				GCC_NO_COMMON_BLOCKS = YES;
				GCC_WARN_64_TO_32_BIT_CONVERSION = YES;
				GCC_WARN_ABOUT_RETURN_TYPE = YES_ERROR;
				GCC_WARN_UNDECLARED_SELECTOR = YES;
				GCC_WARN_UNINITIALIZED_AUTOS = YES_AGGRESSIVE;
				GCC_WARN_UNUSED_FUNCTION = YES;
				GCC_WARN_UNUSED_VARIABLE = YES;
				IPHONEOS_DEPLOYMENT_TARGET = 16.0;
				MTL_ENABLE_DEBUG_INFO = NO;
				MTL_FAST_MATH = YES;
				SDKROOT = iphoneos;
				SWIFT_COMPILATION_MODE = wholemodule;
				SWIFT_OPTIMIZATION_LEVEL = "-O";
				VALIDATE_PRODUCT = YES;
			};
			name = Release;
		};
		AB2C305B2A1630D900154700 /* Debug */ = {
			isa = XCBuildConfiguration;
			baseConfigurationReference = B03D000BE8521A72B6EF7416 /* Pods-PodcastsApp.debug.xcconfig */;
			buildSettings = {
				ASSETCATALOG_COMPILER_APPICON_NAME = AppIcon;
				ASSETCATALOG_COMPILER_GLOBAL_ACCENT_COLOR_NAME = AccentColor;
				CODE_SIGN_STYLE = Automatic;
				CURRENT_PROJECT_VERSION = 1;
				DEVELOPMENT_TEAM = PF6GCM4LDS;
				GENERATE_INFOPLIST_FILE = YES;
				INFOPLIST_FILE = PodcastsApp/Info.plist;
				INFOPLIST_KEY_UIApplicationSupportsIndirectInputEvents = YES;
				INFOPLIST_KEY_UILaunchStoryboardName = LaunchScreen;
				INFOPLIST_KEY_UIMainStoryboardFile = Main;
				INFOPLIST_KEY_UISupportedInterfaceOrientations_iPad = "UIInterfaceOrientationPortrait UIInterfaceOrientationPortraitUpsideDown UIInterfaceOrientationLandscapeLeft UIInterfaceOrientationLandscapeRight";
				INFOPLIST_KEY_UISupportedInterfaceOrientations_iPhone = "UIInterfaceOrientationPortrait UIInterfaceOrientationLandscapeLeft UIInterfaceOrientationLandscapeRight";
				IPHONEOS_DEPLOYMENT_TARGET = 15.0;
				LD_RUNPATH_SEARCH_PATHS = (
					"$(inherited)",
					"@executable_path/Frameworks",
				);
				MARKETING_VERSION = 1.0;
				PRODUCT_BUNDLE_IDENTIFIER = co.petroyurkiv.PodcastsApp;
				PRODUCT_NAME = "$(TARGET_NAME)";
				SWIFT_EMIT_LOC_STRINGS = YES;
				SWIFT_VERSION = 5.0;
				TARGETED_DEVICE_FAMILY = "1,2";
			};
			name = Debug;
		};
		AB2C305C2A1630D900154700 /* Release */ = {
			isa = XCBuildConfiguration;
			baseConfigurationReference = 8090E453DADED2CC1CC3F677 /* Pods-PodcastsApp.release.xcconfig */;
			buildSettings = {
				ASSETCATALOG_COMPILER_APPICON_NAME = AppIcon;
				ASSETCATALOG_COMPILER_GLOBAL_ACCENT_COLOR_NAME = AccentColor;
				CODE_SIGN_STYLE = Automatic;
				CURRENT_PROJECT_VERSION = 1;
				DEVELOPMENT_TEAM = PF6GCM4LDS;
				GENERATE_INFOPLIST_FILE = YES;
				INFOPLIST_FILE = PodcastsApp/Info.plist;
				INFOPLIST_KEY_UIApplicationSupportsIndirectInputEvents = YES;
				INFOPLIST_KEY_UILaunchStoryboardName = LaunchScreen;
				INFOPLIST_KEY_UIMainStoryboardFile = Main;
				INFOPLIST_KEY_UISupportedInterfaceOrientations_iPad = "UIInterfaceOrientationPortrait UIInterfaceOrientationPortraitUpsideDown UIInterfaceOrientationLandscapeLeft UIInterfaceOrientationLandscapeRight";
				INFOPLIST_KEY_UISupportedInterfaceOrientations_iPhone = "UIInterfaceOrientationPortrait UIInterfaceOrientationLandscapeLeft UIInterfaceOrientationLandscapeRight";
				IPHONEOS_DEPLOYMENT_TARGET = 15.0;
				LD_RUNPATH_SEARCH_PATHS = (
					"$(inherited)",
					"@executable_path/Frameworks",
				);
				MARKETING_VERSION = 1.0;
				PRODUCT_BUNDLE_IDENTIFIER = co.petroyurkiv.PodcastsApp;
				PRODUCT_NAME = "$(TARGET_NAME)";
				SWIFT_EMIT_LOC_STRINGS = YES;
				SWIFT_VERSION = 5.0;
				TARGETED_DEVICE_FAMILY = "1,2";
			};
			name = Release;
		};
/* End XCBuildConfiguration section */

/* Begin XCConfigurationList section */
		AB2C30412A1630D500154700 /* Build configuration list for PBXProject "PodcastsApp" */ = {
			isa = XCConfigurationList;
			buildConfigurations = (
				AB2C30582A1630D900154700 /* Debug */,
				AB2C30592A1630D900154700 /* Release */,
			);
			defaultConfigurationIsVisible = 0;
			defaultConfigurationName = Release;
		};
		AB2C305A2A1630D900154700 /* Build configuration list for PBXNativeTarget "PodcastsApp" */ = {
			isa = XCConfigurationList;
			buildConfigurations = (
				AB2C305B2A1630D900154700 /* Debug */,
				AB2C305C2A1630D900154700 /* Release */,
			);
			defaultConfigurationIsVisible = 0;
			defaultConfigurationName = Release;
		};
/* End XCConfigurationList section */
	};
	rootObject = AB2C303E2A1630D500154700 /* Project object */;
}
